<?xml version="1.0" encoding="utf-8"?>
<Project ToolsVersion="4.0" xmlns="http://schemas.microsoft.com/developer/msbuild/2003">
  <ItemGroup>
    <Filter Include="Source Files">
      <UniqueIdentifier>{4FC737F1-C7A5-4376-A066-2A32D752A2FF}</UniqueIdentifier>
      <Extensions>cpp;c;cc;cxx;def;odl;idl;hpj;bat;asm;asmx</Extensions>
    </Filter>
    <Filter Include="Header Files">
      <UniqueIdentifier>{93995380-89BD-4b04-88EB-625FBE52EBFB}</UniqueIdentifier>
      <Extensions>h;hh;hpp;hxx;hm;inl;inc;ipp;xsd</Extensions>
    </Filter>
    <Filter Include="Resource Files">
      <UniqueIdentifier>{67DA6AB6-F800-4c08-8B7A-83BB121AAD01}</UniqueIdentifier>
      <Extensions>rc;ico;cur;bmp;dlg;rc2;rct;bin;rgs;gif;jpg;jpeg;jpe;resx;tiff;tif;png;wav;mfcribbon-ms</Extensions>
    </Filter>
    <Filter Include="Third Party">
      <UniqueIdentifier>{671a49dc-d34e-4508-8c41-460f2bc377ae}</UniqueIdentifier>
    </Filter>
    <Filter Include="Third Party\imgui">
      <UniqueIdentifier>{5031a6c2-8bd1-41ce-bc9c-da2221696fc4}</UniqueIdentifier>
    </Filter>
    <Filter Include="Third Party\imgui\Header Files">
      <UniqueIdentifier>{187b651b-4cdd-4ded-b75f-6be51867480c}</UniqueIdentifier>
    </Filter>
    <Filter Include="Third Party\imgui\Source Files">
      <UniqueIdentifier>{946055a7-8543-4d5d-a07a-8bca886b21c1}</UniqueIdentifier>
    </Filter>
    <Filter Include="Third Party\glew">
      <UniqueIdentifier>{8425c8d4-0fbf-4d81-8583-16cc85f26022}</UniqueIdentifier>
    </Filter>
    <Filter Include="Third Party\glew\Header Files">
      <UniqueIdentifier>{fdc6549d-f82b-42a7-b03b-82479be02b15}</UniqueIdentifier>
    </Filter>
    <Filter Include="Third Party\glew\Source Files">
      <UniqueIdentifier>{90e8810e-c394-4ab4-bfe4-f37f10b7a46a}</UniqueIdentifier>
    </Filter>
    <Filter Include="Third Party\glfw">
      <UniqueIdentifier>{89bca85a-a980-4cfa-b6fc-6b788bcb8868}</UniqueIdentifier>
    </Filter>
  </ItemGroup>
  <ItemGroup>
    <ClInclude Include="targetver.h">
      <Filter>Header Files</Filter>
    </ClInclude>
    <ClInclude Include="Log.h">
      <Filter>Header Files</Filter>
    </ClInclude>
    <ClInclude Include="Dashboard.h">
      <Filter>Header Files</Filter>
    </ClInclude>
    <ClInclude Include="DashboardWindow.h">
      <Filter>Header Files</Filter>
    </ClInclude>
    <ClInclude Include="LimitInstance.h">
      <Filter>Header Files</Filter>
    </ClInclude>
    <ClInclude Include="ThirdParty\imgui\imgui\imconfig.h">
      <Filter>Third Party\imgui\Header Files</Filter>
    </ClInclude>
    <ClInclude Include="ThirdParty\imgui\imgui\imgui.h">
      <Filter>Third Party\imgui\Header Files</Filter>
    </ClInclude>
    <ClInclude Include="ThirdParty\imgui\imgui\imgui_internal.h">
      <Filter>Third Party\imgui\Header Files</Filter>
    </ClInclude>
    <ClInclude Include="ThirdParty\imgui\imgui\imstb_rectpack.h">
      <Filter>Third Party\imgui\Header Files</Filter>
    </ClInclude>
    <ClInclude Include="ThirdParty\imgui\imgui\imstb_textedit.h">
      <Filter>Third Party\imgui\Header Files</Filter>
    </ClInclude>
    <ClInclude Include="ThirdParty\imgui\imgui\imstb_truetype.h">
      <Filter>Third Party\imgui\Header Files</Filter>
    </ClInclude>
    <ClInclude Include="ThirdParty\glew\GL\glew.h">
      <Filter>Third Party\glew\Header Files</Filter>
    </ClInclude>
    <ClInclude Include="ThirdParty\glew\GL\wglew.h">
      <Filter>Third Party\glew\Header Files</Filter>
    </ClInclude>
    <ClInclude Include="ThirdParty\imgui\imgui\imgui_impl_opengl.h">
      <Filter>Header Files</Filter>
    </ClInclude>
    <ClInclude Include="ThirdParty\imgui\imgui\imgui_impl_glfw.h">
      <Filter>Third Party\imgui\Header Files</Filter>
    </ClInclude>
    <ClInclude Include="Editor.h">
      <Filter>Header Files</Filter>
    </ClInclude>
    <ClInclude Include="Events\ApplicationEvents.h">
      <Filter>Header Files</Filter>
    </ClInclude>
    <ClInclude Include="Events\Event.h">
      <Filter>Header Files</Filter>
    </ClInclude>
    <ClInclude Include="Events\KeyEvent.h">
      <Filter>Header Files</Filter>
    </ClInclude>
    <ClInclude Include="Events\MouseEvent.h">
      <Filter>Header Files</Filter>
    </ClInclude>
    <ClInclude Include="pch.h">
      <Filter>Header Files</Filter>
    </ClInclude>
    <ClInclude Include="T34Dashboard.h">
      <Filter>Header Files</Filter>
    </ClInclude>
    <ClInclude Include="fuid.h">
      <Filter>Header Files</Filter>
    </ClInclude>
    <ClInclude Include="Widgets\Renderable.h">
      <Filter>Header Files</Filter>
    </ClInclude>
    <ClInclude Include="Widgets\WindowWidget.h">
      <Filter>Header Files</Filter>
    </ClInclude>
    <ClInclude Include="Widgets\TextWidget.h">
      <Filter>Header Files</Filter>
    </ClInclude>
    <ClInclude Include="crc.h">
      <Filter>Header Files</Filter>
    </ClInclude>
    <ClInclude Include="Widgets\Properties.h">
      <Filter>Header Files</Filter>
    </ClInclude>
  </ItemGroup>
  <ItemGroup>
    <ClCompile Include="T34Dashboard.cpp">
      <Filter>Source Files</Filter>
    </ClCompile>
    <ClCompile Include="Log.cpp">
      <Filter>Source Files</Filter>
    </ClCompile>
    <ClCompile Include="Dashboard.cpp">
      <Filter>Source Files</Filter>
    </ClCompile>
    <ClCompile Include="DashboardWindow.cpp">
      <Filter>Source Files</Filter>
    </ClCompile>
    <ClCompile Include="ThirdParty\imgui\imgui\imgui.cpp">
      <Filter>Third Party\imgui\Source Files</Filter>
    </ClCompile>
    <ClCompile Include="ThirdParty\imgui\imgui\imgui_demo.cpp">
      <Filter>Third Party\imgui\Source Files</Filter>
    </ClCompile>
    <ClCompile Include="ThirdParty\imgui\imgui\imgui_draw.cpp">
      <Filter>Third Party\imgui\Source Files</Filter>
    </ClCompile>
    <ClCompile Include="ThirdParty\imgui\imgui\imgui_widgets.cpp">
      <Filter>Third Party\imgui\Source Files</Filter>
    </ClCompile>
    <ClCompile Include="ThirdParty\glew\GL\glew\glew.c">
      <Filter>Third Party\glew\Source Files</Filter>
    </ClCompile>
    <ClCompile Include="ThirdParty\imgui\imgui\imgui_impl_opengl.cpp">
      <Filter>Source Files</Filter>
    </ClCompile>
    <ClCompile Include="ThirdParty\imgui\imgui\imgui_impl_glfw.cpp">
      <Filter>Third Party\imgui\Source Files</Filter>
    </ClCompile>
    <ClCompile Include="Editor.cpp">
      <Filter>Source Files</Filter>
    </ClCompile>
    <ClCompile Include="pch.cpp">
      <Filter>Source Files</Filter>
    </ClCompile>
    <ClCompile Include="fuid.cpp">
      <Filter>Source Files</Filter>
    </ClCompile>
    <ClCompile Include="Widgets\TextWidget.cpp">
      <Filter>Source Files</Filter>
    </ClCompile>
    <ClCompile Include="Widgets\Renderable.cpp">
      <Filter>Source Files</Filter>
    </ClCompile>
    <ClCompile Include="crc.cpp">
      <Filter>Source Files</Filter>
    </ClCompile>
    <ClCompile Include="Widgets\WindowWidget.cpp">
      <Filter>Source Files</Filter>
    </ClCompile>
  </ItemGroup>
</Project>